
Microsoft Visual Studio Solution File, Format Version 12.00
# Visual Studio Version 16
VisualStudioVersion = 16.0.34031.81
MinimumVisualStudioVersion = 10.0.40219.1
Project("{FAE04EC0-301F-11D3-BF4B-00C04F79EFBC}") = "Tyuiu.IvanchikovDA.Sprint7.Project.V10", "Tyuiu.IvanchikovDA.Sprint7.Project.V10\Tyuiu.IvanchikovDA.Sprint7.Project.V10.csproj", "{FFD33074-B3A2-47A1-B8A1-6DB9CA93DDBD}"
EndProject
Project("{FAE04EC0-301F-11D3-BF4B-00C04F79EFBC}") = "Tyuiu.IvanchikovDA.Sprint7.Project.V10.Lib", "Tyuiu.IvanchikovDA.Sprint7.Project.V10.Lib\Tyuiu.IvanchikovDA.Sprint7.Project.V10.Lib.csproj", "{34D077AF-6DD0-43D0-A1A7-C9339F76C9C9}"
EndProject
Project("{FAE04EC0-301F-11D3-BF4B-00C04F79EFBC}") = "Tyuiu.IvanchikovDA.Sprint7.Project.V10.Test", "Tyuiu.IvanchikovDA.Sprint7.Project.V10.Test\Tyuiu.IvanchikovDA.Sprint7.Project.V10.Test.csproj", "{B3001C9D-D5C8-4CF1-88B2-2B3B8AE0FDFB}"
EndProject
Global
	GlobalSection(SolutionConfigurationPlatforms) = preSolution
		Debug|Any CPU = Debug|Any CPU
		Release|Any CPU = Release|Any CPU
	EndGlobalSection
	GlobalSection(ProjectConfigurationPlatforms) = postSolution
		{FFD33074-B3A2-47A1-B8A1-6DB9CA93DDBD}.Debug|Any CPU.ActiveCfg = Debug|Any CPU
		{FFD33074-B3A2-47A1-B8A1-6DB9CA93DDBD}.Debug|Any CPU.Build.0 = Debug|Any CPU
		{FFD33074-B3A2-47A1-B8A1-6DB9CA93DDBD}.Release|Any CPU.ActiveCfg = Release|Any CPU
		{FFD33074-B3A2-47A1-B8A1-6DB9CA93DDBD}.Release|Any CPU.Build.0 = Release|Any CPU
		{34D077AF-6DD0-43D0-A1A7-C9339F76C9C9}.Debug|Any CPU.ActiveCfg = Debug|Any CPU
		{34D077AF-6DD0-43D0-A1A7-C9339F76C9C9}.Debug|Any CPU.Build.0 = Debug|Any CPU
		{34D077AF-6DD0-43D0-A1A7-C9339F76C9C9}.Release|Any CPU.ActiveCfg = Release|Any CPU
		{34D077AF-6DD0-43D0-A1A7-C9339F76C9C9}.Release|Any CPU.Build.0 = Release|Any CPU
		{B3001C9D-D5C8-4CF1-88B2-2B3B8AE0FDFB}.Debug|Any CPU.ActiveCfg = Debug|Any CPU
		{B3001C9D-D5C8-4CF1-88B2-2B3B8AE0FDFB}.Debug|Any CPU.Build.0 = Debug|Any CPU
		{B3001C9D-D5C8-4CF1-88B2-2B3B8AE0FDFB}.Release|Any CPU.ActiveCfg = Release|Any CPU
		{B3001C9D-D5C8-4CF1-88B2-2B3B8AE0FDFB}.Release|Any CPU.Build.0 = Release|Any CPU
	EndGlobalSection
	GlobalSection(SolutionProperties) = preSolution
		HideSolutionNode = FALSE
	EndGlobalSection
	GlobalSection(ExtensibilityGlobals) = postSolution
		SolutionGuid = {ABFB9D9D-0B28-42B3-8F0E-F71506A8B7EA}
	EndGlobalSection
EndGlobal
